
Microsoft Visual Studio Solution File, Format Version 12.00
Project("{FAE04EC0-301F-11D3-BF4B-00C04F79EFBC}") = "ElCocineroBack", "ElCocineroBack\ElCocineroBack.csproj", "{679F860C-384D-43F3-92D9-D33B5743AC4F}"
EndProject
Project("{FAE04EC0-301F-11D3-BF4B-00C04F79EFBC}") = "ElCocineroTest", "ElCocineroTest\ElCocineroTest.csproj", "{14D92A81-C2F5-4AF3-B61B-3B4E75E84DA0}"
EndProject
Global
	GlobalSection(SolutionConfigurationPlatforms) = preSolution
		Debug|Any CPU = Debug|Any CPU
		Release|Any CPU = Release|Any CPU
	EndGlobalSection
	GlobalSection(ProjectConfigurationPlatforms) = postSolution
		{679F860C-384D-43F3-92D9-D33B5743AC4F}.Debug|Any CPU.ActiveCfg = Debug|Any CPU
		{679F860C-384D-43F3-92D9-D33B5743AC4F}.Debug|Any CPU.Build.0 = Debug|Any CPU
		{679F860C-384D-43F3-92D9-D33B5743AC4F}.Release|Any CPU.ActiveCfg = Release|Any CPU
		{679F860C-384D-43F3-92D9-D33B5743AC4F}.Release|Any CPU.Build.0 = Release|Any CPU
		{14D92A81-C2F5-4AF3-B61B-3B4E75E84DA0}.Debug|Any CPU.ActiveCfg = Debug|Any CPU
		{14D92A81-C2F5-4AF3-B61B-3B4E75E84DA0}.Debug|Any CPU.Build.0 = Debug|Any CPU
		{14D92A81-C2F5-4AF3-B61B-3B4E75E84DA0}.Release|Any CPU.ActiveCfg = Release|Any CPU
		{14D92A81-C2F5-4AF3-B61B-3B4E75E84DA0}.Release|Any CPU.Build.0 = Release|Any CPU
	EndGlobalSection
EndGlobal
